
Microsoft Visual Studio Solution File, Format Version 12.00
# Visual Studio Version 17
VisualStudioVersion = 17.8.34525.116
MinimumVisualStudioVersion = 10.0.40219.1
Project("{FAE04EC0-301F-11D3-BF4B-00C04F79EFBC}") = "8939307-Naiyaben-PROG8050-Assignment01", "8939307-Naiyaben-PROG8050-Assignment01\8939307-Naiyaben-PROG8050-Assignment01.csproj", "{8CA7A4F7-D63D-4A5C-B718-211F665ACDCB}"
EndProject
Global
	GlobalSection(SolutionConfigurationPlatforms) = preSolution
		Debug|Any CPU = Debug|Any CPU
		Release|Any CPU = Release|Any CPU
	EndGlobalSection
	GlobalSection(ProjectConfigurationPlatforms) = postSolution
		{8CA7A4F7-D63D-4A5C-B718-211F665ACDCB}.Debug|Any CPU.ActiveCfg = Debug|Any CPU
		{8CA7A4F7-D63D-4A5C-B718-211F665ACDCB}.Debug|Any CPU.Build.0 = Debug|Any CPU
		{8CA7A4F7-D63D-4A5C-B718-211F665ACDCB}.Release|Any CPU.ActiveCfg = Release|Any CPU
		{8CA7A4F7-D63D-4A5C-B718-211F665ACDCB}.Release|Any CPU.Build.0 = Release|Any CPU
	EndGlobalSection
	GlobalSection(SolutionProperties) = preSolution
		HideSolutionNode = FALSE
	EndGlobalSection
	GlobalSection(ExtensibilityGlobals) = postSolution
		SolutionGuid = {070918DB-A517-4ABC-B190-F3685D71432E}
	EndGlobalSection
EndGlobal
